// !$*UTF8*$!
{
	archiveVersion = 1;
	classes = {
	};
	objectVersion = 51;
	objects = {

/* Begin PBXBuildFile section */
		8F3B3AAF1F9585C0519B1F4E /* Pods_JJackProject.framework in Frameworks */ = {isa = PBXBuildFile; fileRef = 1C72F7EE5AF72F18546F2D3E /* Pods_JJackProject.framework */; };
		C01A043822C9E7DF00ED8CD2 /* SideMenu.storyboard in Resources */ = {isa = PBXBuildFile; fileRef = C01A043722C9E7DF00ED8CD2 /* SideMenu.storyboard */; };
		C01A043B22C9E9AE00ED8CD2 /* SideMenuVC.swift in Sources */ = {isa = PBXBuildFile; fileRef = C01A043A22C9E9AE00ED8CD2 /* SideMenuVC.swift */; };
		C01A043D22CA272A00ED8CD2 /* MyPage.storyboard in Resources */ = {isa = PBXBuildFile; fileRef = C01A043C22CA272A00ED8CD2 /* MyPage.storyboard */; };
		C01BC94222CCA7C6000AAF58 /* MainCell.swift in Sources */ = {isa = PBXBuildFile; fileRef = C01BC94122CCA7C6000AAF58 /* MainCell.swift */; };
		C01BC94422CCB393000AAF58 /* MainInfo.swift in Sources */ = {isa = PBXBuildFile; fileRef = C01BC94322CCB393000AAF58 /* MainInfo.swift */; };
		C01E92E322CA372F00D43366 /* MyPageVC.swift in Sources */ = {isa = PBXBuildFile; fileRef = C01E92E222CA372F00D43366 /* MyPageVC.swift */; };
		C01E92E522CA401B00D43366 /* EditAccoutVC.swift in Sources */ = {isa = PBXBuildFile; fileRef = C01E92E422CA401B00D43366 /* EditAccoutVC.swift */; };
		C01E92E722CA788D00D43366 /* EditNicknameVC.swift in Sources */ = {isa = PBXBuildFile; fileRef = C01E92E622CA788D00D43366 /* EditNicknameVC.swift */; };
		C01E92E922CB433600D43366 /* UseHistoryVC.swift in Sources */ = {isa = PBXBuildFile; fileRef = C01E92E822CB433600D43366 /* UseHistoryVC.swift */; };
		C01E92EF22CB5F6B00D43366 /* HistoryCell.swift in Sources */ = {isa = PBXBuildFile; fileRef = C01E92EE22CB5F6B00D43366 /* HistoryCell.swift */; };
		C01E92F122CB62DE00D43366 /* History.swift in Sources */ = {isa = PBXBuildFile; fileRef = C01E92F022CB62DE00D43366 /* History.swift */; };
		C01E92F322CB732800D43366 /* HomeMain.storyboard in Resources */ = {isa = PBXBuildFile; fileRef = C01E92F222CB732800D43366 /* HomeMain.storyboard */; };
		C01E930422CB7C5E00D43366 /* HomeVC.swift in Sources */ = {isa = PBXBuildFile; fileRef = C01E930322CB7C5E00D43366 /* HomeVC.swift */; };
		C01E930722CBC02B00D43366 /* HomeCell.swift in Sources */ = {isa = PBXBuildFile; fileRef = C01E930622CBC02B00D43366 /* HomeCell.swift */; };
		C01E930922CBEB6400D43366 /* MainVC.swift in Sources */ = {isa = PBXBuildFile; fileRef = C01E930822CBEB6400D43366 /* MainVC.swift */; };
		C021C2F622D06E3200ADF1FE /* Charge.storyboard in Resources */ = {isa = PBXBuildFile; fileRef = C021C2F522D06E3200ADF1FE /* Charge.storyboard */; };
		C021C2F922D06E5900ADF1FE /* ChargeVC.swift in Sources */ = {isa = PBXBuildFile; fileRef = C021C2F822D06E5900ADF1FE /* ChargeVC.swift */; };
		C021C2FB22D0D3D100ADF1FE /* CompleteChargeVC.swift in Sources */ = {isa = PBXBuildFile; fileRef = C021C2FA22D0D3D100ADF1FE /* CompleteChargeVC.swift */; };
		C021C2FD22D0ED1E00ADF1FE /* DetailRankingVC.swift in Sources */ = {isa = PBXBuildFile; fileRef = C021C2FC22D0ED1E00ADF1FE /* DetailRankingVC.swift */; };
		C021C2FF22D20C7D00ADF1FE /* ChargeMainVC.swift in Sources */ = {isa = PBXBuildFile; fileRef = C021C2FE22D20C7D00ADF1FE /* ChargeMainVC.swift */; };
		C021C30322D225A500ADF1FE /* NetworkResult.swift in Sources */ = {isa = PBXBuildFile; fileRef = C021C30222D225A500ADF1FE /* NetworkResult.swift */; };
		C021C30622D225F300ADF1FE /* AuthService.swift in Sources */ = {isa = PBXBuildFile; fileRef = C021C30522D225F300ADF1FE /* AuthService.swift */; };
		C021C30822D229AC00ADF1FE /* Token.swift in Sources */ = {isa = PBXBuildFile; fileRef = C021C30722D229AC00ADF1FE /* Token.swift */; };
		C021C30A22D255A400ADF1FE /* String+Extension.swift in Sources */ = {isa = PBXBuildFile; fileRef = C021C30922D255A400ADF1FE /* String+Extension.swift */; };
		C027A94522CD074700F198ED /* DetailVC.swift in Sources */ = {isa = PBXBuildFile; fileRef = C027A94422CD074700F198ED /* DetailVC.swift */; };
		C027A94722CD249C00F198ED /* DonateVC.swift in Sources */ = {isa = PBXBuildFile; fileRef = C027A94622CD249C00F198ED /* DonateVC.swift */; };
		C027A94922CD356100F198ED /* CompleteDonateAlertVC.swift in Sources */ = {isa = PBXBuildFile; fileRef = C027A94822CD356100F198ED /* CompleteDonateAlertVC.swift */; };
		C027A94B22CD399600F198ED /* Record.storyboard in Resources */ = {isa = PBXBuildFile; fileRef = C027A94A22CD399600F198ED /* Record.storyboard */; };
		C027A94E22CD40F200F198ED /* RecordedDonationVC.swift in Sources */ = {isa = PBXBuildFile; fileRef = C027A94D22CD40F200F198ED /* RecordedDonationVC.swift */; };
		C027A95022CD4C9600F198ED /* EarnBerryVC.swift in Sources */ = {isa = PBXBuildFile; fileRef = C027A94F22CD4C9600F198ED /* EarnBerryVC.swift */; };
		C03353EC22CDC565007EEA16 /* RecordCell.swift in Sources */ = {isa = PBXBuildFile; fileRef = C03353EB22CDC565007EEA16 /* RecordCell.swift */; };
		C03353EE22CDC6C7007EEA16 /* DetailRecordVC.swift in Sources */ = {isa = PBXBuildFile; fileRef = C03353ED22CDC6C7007EEA16 /* DetailRecordVC.swift */; };
		C03353F022CE230C007EEA16 /* Ranking.storyboard in Resources */ = {isa = PBXBuildFile; fileRef = C03353EF22CE230C007EEA16 /* Ranking.storyboard */; };
		C03353F322CE237D007EEA16 /* RankingVC.swift in Sources */ = {isa = PBXBuildFile; fileRef = C03353F222CE237D007EEA16 /* RankingVC.swift */; };
		C08482BE22C2515D0087F3BC /* AppDelegate.swift in Sources */ = {isa = PBXBuildFile; fileRef = C08482BD22C2515D0087F3BC /* AppDelegate.swift */; };
		C08482C022C2515D0087F3BC /* FirstVC.swift in Sources */ = {isa = PBXBuildFile; fileRef = C08482BF22C2515D0087F3BC /* FirstVC.swift */; };
		C08482C322C2515D0087F3BC /* Login.storyboard in Resources */ = {isa = PBXBuildFile; fileRef = C08482C122C2515D0087F3BC /* Login.storyboard */; };
		C08482C522C251600087F3BC /* Assets.xcassets in Resources */ = {isa = PBXBuildFile; fileRef = C08482C422C251600087F3BC /* Assets.xcassets */; };
		C08482C822C251600087F3BC /* LaunchScreen.storyboard in Resources */ = {isa = PBXBuildFile; fileRef = C08482C622C251600087F3BC /* LaunchScreen.storyboard */; };
		C08482D622C2530B0087F3BC /* UIColor+Extensions.swift in Sources */ = {isa = PBXBuildFile; fileRef = C08482D522C2530B0087F3BC /* UIColor+Extensions.swift */; };
		C08482D822C253290087F3BC /* UIView+Extensions.swift in Sources */ = {isa = PBXBuildFile; fileRef = C08482D722C253290087F3BC /* UIView+Extensions.swift */; };
		C08482DA22C253370087F3BC /* UIViewController+Extensions.swift in Sources */ = {isa = PBXBuildFile; fileRef = C08482D922C253370087F3BC /* UIViewController+Extensions.swift */; };
		C08482DC22C337110087F3BC /* UIImageView+ㄷExtensions.swift in Sources */ = {isa = PBXBuildFile; fileRef = C08482DB22C337110087F3BC /* UIImageView+ㄷExtensions.swift */; };
		C084832522C93C930087F3BC /* LoginVC.swift in Sources */ = {isa = PBXBuildFile; fileRef = C084832422C93C930087F3BC /* LoginVC.swift */; };
		C084832822C953190087F3BC /* SignUpVC1.swift in Sources */ = {isa = PBXBuildFile; fileRef = C084832722C953190087F3BC /* SignUpVC1.swift */; };
		C084832A22C953350087F3BC /* SignUpVC2.swift in Sources */ = {isa = PBXBuildFile; fileRef = C084832922C953350087F3BC /* SignUpVC2.swift */; };
		C084832C22C953540087F3BC /* SignUpVC3.swift in Sources */ = {isa = PBXBuildFile; fileRef = C084832B22C953540087F3BC /* SignUpVC3.swift */; };
		C08D146322CF03E700F5EB0A /* RankingCell.swift in Sources */ = {isa = PBXBuildFile; fileRef = C08D146222CF03E700F5EB0A /* RankingCell.swift */; };
		C08D146522CF07AD00F5EB0A /* Ranking.swift in Sources */ = {isa = PBXBuildFile; fileRef = C08D146422CF07AD00F5EB0A /* Ranking.swift */; };
		C0DC370E22D32DB90010A730 /* ResponseString.swift in Sources */ = {isa = PBXBuildFile; fileRef = C0DC370D22D32DB90010A730 /* ResponseString.swift */; };
		C0DC371122D339A60010A730 /* ResponseObject.swift in Sources */ = {isa = PBXBuildFile; fileRef = C0DC371022D339A60010A730 /* ResponseObject.swift */; };
		C0DC371322D339B00010A730 /* ResponseArray.swift in Sources */ = {isa = PBXBuildFile; fileRef = C0DC371222D339B00010A730 /* ResponseArray.swift */; };
		C0DC371722D35CEB0010A730 /* APIManager.swift in Sources */ = {isa = PBXBuildFile; fileRef = C0DC371622D35CEB0010A730 /* APIManager.swift */; };
		C0DC372122D360FF0010A730 /* Story.swift in Sources */ = {isa = PBXBuildFile; fileRef = C0DC372022D360FF0010A730 /* Story.swift */; };
		C0DC372522D362AB0010A730 /* MainService.swift in Sources */ = {isa = PBXBuildFile; fileRef = C0DC372422D362AB0010A730 /* MainService.swift */; };
		C0DC372A22D491020010A730 /* Count.swift in Sources */ = {isa = PBXBuildFile; fileRef = C0DC372922D491020010A730 /* Count.swift */; };
		C0DC372D22D491640010A730 /* HistoryService.swift in Sources */ = {isa = PBXBuildFile; fileRef = C0DC372C22D491640010A730 /* HistoryService.swift */; };
		C0DC373322D4C5500010A730 /* Donate.swift in Sources */ = {isa = PBXBuildFile; fileRef = C0DC373222D4C5500010A730 /* Donate.swift */; };
		C0DC373622D4C57B0010A730 /* DonateService.swift in Sources */ = {isa = PBXBuildFile; fileRef = C0DC373522D4C57B0010A730 /* DonateService.swift */; };
		C0DC373822D555330010A730 /* MainData.swift in Sources */ = {isa = PBXBuildFile; fileRef = C0DC373722D555330010A730 /* MainData.swift */; };
		C0DC373A22D576E20010A730 /* Charge.swift in Sources */ = {isa = PBXBuildFile; fileRef = C0DC373922D576E20010A730 /* Charge.swift */; };
		C0DC373C22D576F20010A730 /* ChargeService.swift in Sources */ = {isa = PBXBuildFile; fileRef = C0DC373B22D576F20010A730 /* ChargeService.swift */; };
		C0DC373E22D58F600010A730 /* ChargingInfo.swift in Sources */ = {isa = PBXBuildFile; fileRef = C0DC373D22D58F600010A730 /* ChargingInfo.swift */; };
		C0DC374022D5AE870010A730 /* MyHistory.swift in Sources */ = {isa = PBXBuildFile; fileRef = C0DC373F22D5AE870010A730 /* MyHistory.swift */; };
		C0DC374222D5B4AC0010A730 /* MyEachDonatedBerry.swift in Sources */ = {isa = PBXBuildFile; fileRef = C0DC374122D5B4AC0010A730 /* MyEachDonatedBerry.swift */; };
		C0DC374422D5C5FF0010A730 /* UserHistory.swift in Sources */ = {isa = PBXBuildFile; fileRef = C0DC374322D5C5FF0010A730 /* UserHistory.swift */; };
		C0DC374622D5C68C0010A730 /* Banking.swift in Sources */ = {isa = PBXBuildFile; fileRef = C0DC374522D5C68C0010A730 /* Banking.swift */; };
		C0DC374822D5C6E30010A730 /* MyPageService.swift in Sources */ = {isa = PBXBuildFile; fileRef = C0DC374722D5C6E30010A730 /* MyPageService.swift */; };
		C0DC374A22D5D4770010A730 /* MyBerry.swift in Sources */ = {isa = PBXBuildFile; fileRef = C0DC374922D5D4770010A730 /* MyBerry.swift */; };
		C0DC374C22D5DCB60010A730 /* RankingService.swift in Sources */ = {isa = PBXBuildFile; fileRef = C0DC374B22D5DCB60010A730 /* RankingService.swift */; };
		C0DC374E22D5F57E0010A730 /* EntireBerry.swift in Sources */ = {isa = PBXBuildFile; fileRef = C0DC374D22D5F57E0010A730 /* EntireBerry.swift */; };
		C0DC375022D622DA0010A730 /* Plan.swift in Sources */ = {isa = PBXBuildFile; fileRef = C0DC374F22D622DA0010A730 /* Plan.swift */; };
		C0DC375222D623130010A730 /* Review.swift in Sources */ = {isa = PBXBuildFile; fileRef = C0DC375122D623130010A730 /* Review.swift */; };
		C0DC375422D623260010A730 /* Story2.swift in Sources */ = {isa = PBXBuildFile; fileRef = C0DC375322D623260010A730 /* Story2.swift */; };
		C0DC375822D651140010A730 /* GetRewardVC.swift in Sources */ = {isa = PBXBuildFile; fileRef = C0DC375722D651140010A730 /* GetRewardVC.swift */; };
		C0DC375A22D66FF80010A730 /* StampService.swift in Sources */ = {isa = PBXBuildFile; fileRef = C0DC375922D66FF80010A730 /* StampService.swift */; };
		C0DC375C22D671910010A730 /* GetStamp.swift in Sources */ = {isa = PBXBuildFile; fileRef = C0DC375B22D671910010A730 /* GetStamp.swift */; };
/* End PBXBuildFile section */

/* Begin PBXFileReference section */
		1C72F7EE5AF72F18546F2D3E /* Pods_JJackProject.framework */ = {isa = PBXFileReference; explicitFileType = wrapper.framework; includeInIndex = 0; path = Pods_JJackProject.framework; sourceTree = BUILT_PRODUCTS_DIR; };
		27D39B95E6AC9BB96A01A0E6 /* Pods-JJackProject.debug.xcconfig */ = {isa = PBXFileReference; includeInIndex = 1; lastKnownFileType = text.xcconfig; name = "Pods-JJackProject.debug.xcconfig"; path = "Target Support Files/Pods-JJackProject/Pods-JJackProject.debug.xcconfig"; sourceTree = "<group>"; };
		BFF167A4C8D4A321CCB6A7A9 /* Pods-JJackProject.release.xcconfig */ = {isa = PBXFileReference; includeInIndex = 1; lastKnownFileType = text.xcconfig; name = "Pods-JJackProject.release.xcconfig"; path = "Target Support Files/Pods-JJackProject/Pods-JJackProject.release.xcconfig"; sourceTree = "<group>"; };
		C01A043722C9E7DF00ED8CD2 /* SideMenu.storyboard */ = {isa = PBXFileReference; lastKnownFileType = file.storyboard; path = SideMenu.storyboard; sourceTree = "<group>"; };
		C01A043A22C9E9AE00ED8CD2 /* SideMenuVC.swift */ = {isa = PBXFileReference; lastKnownFileType = sourcecode.swift; path = SideMenuVC.swift; sourceTree = "<group>"; };
		C01A043C22CA272A00ED8CD2 /* MyPage.storyboard */ = {isa = PBXFileReference; lastKnownFileType = file.storyboard; path = MyPage.storyboard; sourceTree = "<group>"; };
		C01BC94122CCA7C6000AAF58 /* MainCell.swift */ = {isa = PBXFileReference; lastKnownFileType = sourcecode.swift; path = MainCell.swift; sourceTree = "<group>"; };
		C01BC94322CCB393000AAF58 /* MainInfo.swift */ = {isa = PBXFileReference; lastKnownFileType = sourcecode.swift; path = MainInfo.swift; sourceTree = "<group>"; };
		C01E92E222CA372F00D43366 /* MyPageVC.swift */ = {isa = PBXFileReference; lastKnownFileType = sourcecode.swift; path = MyPageVC.swift; sourceTree = "<group>"; };
		C01E92E422CA401B00D43366 /* EditAccoutVC.swift */ = {isa = PBXFileReference; lastKnownFileType = sourcecode.swift; path = EditAccoutVC.swift; sourceTree = "<group>"; };
		C01E92E622CA788D00D43366 /* EditNicknameVC.swift */ = {isa = PBXFileReference; lastKnownFileType = sourcecode.swift; path = EditNicknameVC.swift; sourceTree = "<group>"; };
		C01E92E822CB433600D43366 /* UseHistoryVC.swift */ = {isa = PBXFileReference; lastKnownFileType = sourcecode.swift; path = UseHistoryVC.swift; sourceTree = "<group>"; };
		C01E92EE22CB5F6B00D43366 /* HistoryCell.swift */ = {isa = PBXFileReference; lastKnownFileType = sourcecode.swift; path = HistoryCell.swift; sourceTree = "<group>"; };
		C01E92F022CB62DE00D43366 /* History.swift */ = {isa = PBXFileReference; lastKnownFileType = sourcecode.swift; path = History.swift; sourceTree = "<group>"; };
		C01E92F222CB732800D43366 /* HomeMain.storyboard */ = {isa = PBXFileReference; lastKnownFileType = file.storyboard; path = HomeMain.storyboard; sourceTree = "<group>"; };
		C01E930322CB7C5E00D43366 /* HomeVC.swift */ = {isa = PBXFileReference; lastKnownFileType = sourcecode.swift; path = HomeVC.swift; sourceTree = "<group>"; };
		C01E930622CBC02B00D43366 /* HomeCell.swift */ = {isa = PBXFileReference; lastKnownFileType = sourcecode.swift; path = HomeCell.swift; sourceTree = "<group>"; };
		C01E930822CBEB6400D43366 /* MainVC.swift */ = {isa = PBXFileReference; lastKnownFileType = sourcecode.swift; path = MainVC.swift; sourceTree = "<group>"; };
		C021C2F522D06E3200ADF1FE /* Charge.storyboard */ = {isa = PBXFileReference; lastKnownFileType = file.storyboard; path = Charge.storyboard; sourceTree = "<group>"; };
		C021C2F822D06E5900ADF1FE /* ChargeVC.swift */ = {isa = PBXFileReference; lastKnownFileType = sourcecode.swift; path = ChargeVC.swift; sourceTree = "<group>"; };
		C021C2FA22D0D3D100ADF1FE /* CompleteChargeVC.swift */ = {isa = PBXFileReference; lastKnownFileType = sourcecode.swift; path = CompleteChargeVC.swift; sourceTree = "<group>"; };
		C021C2FC22D0ED1E00ADF1FE /* DetailRankingVC.swift */ = {isa = PBXFileReference; lastKnownFileType = sourcecode.swift; path = DetailRankingVC.swift; sourceTree = "<group>"; };
		C021C2FE22D20C7D00ADF1FE /* ChargeMainVC.swift */ = {isa = PBXFileReference; lastKnownFileType = sourcecode.swift; path = ChargeMainVC.swift; sourceTree = "<group>"; };
		C021C30222D225A500ADF1FE /* NetworkResult.swift */ = {isa = PBXFileReference; lastKnownFileType = sourcecode.swift; path = NetworkResult.swift; sourceTree = "<group>"; };
		C021C30522D225F300ADF1FE /* AuthService.swift */ = {isa = PBXFileReference; lastKnownFileType = sourcecode.swift; path = AuthService.swift; sourceTree = "<group>"; };
		C021C30722D229AC00ADF1FE /* Token.swift */ = {isa = PBXFileReference; lastKnownFileType = sourcecode.swift; path = Token.swift; sourceTree = "<group>"; };
		C021C30922D255A400ADF1FE /* String+Extension.swift */ = {isa = PBXFileReference; lastKnownFileType = sourcecode.swift; path = "String+Extension.swift"; sourceTree = "<group>"; };
		C027A94422CD074700F198ED /* DetailVC.swift */ = {isa = PBXFileReference; lastKnownFileType = sourcecode.swift; path = DetailVC.swift; sourceTree = "<group>"; };
		C027A94622CD249C00F198ED /* DonateVC.swift */ = {isa = PBXFileReference; lastKnownFileType = sourcecode.swift; path = DonateVC.swift; sourceTree = "<group>"; };
		C027A94822CD356100F198ED /* CompleteDonateAlertVC.swift */ = {isa = PBXFileReference; lastKnownFileType = sourcecode.swift; path = CompleteDonateAlertVC.swift; sourceTree = "<group>"; };
		C027A94A22CD399600F198ED /* Record.storyboard */ = {isa = PBXFileReference; lastKnownFileType = file.storyboard; path = Record.storyboard; sourceTree = "<group>"; };
		C027A94D22CD40F200F198ED /* RecordedDonationVC.swift */ = {isa = PBXFileReference; lastKnownFileType = sourcecode.swift; path = RecordedDonationVC.swift; sourceTree = "<group>"; };
		C027A94F22CD4C9600F198ED /* EarnBerryVC.swift */ = {isa = PBXFileReference; lastKnownFileType = sourcecode.swift; path = EarnBerryVC.swift; sourceTree = "<group>"; };
		C03353EB22CDC565007EEA16 /* RecordCell.swift */ = {isa = PBXFileReference; lastKnownFileType = sourcecode.swift; path = RecordCell.swift; sourceTree = "<group>"; };
		C03353ED22CDC6C7007EEA16 /* DetailRecordVC.swift */ = {isa = PBXFileReference; lastKnownFileType = sourcecode.swift; path = DetailRecordVC.swift; sourceTree = "<group>"; };
		C03353EF22CE230C007EEA16 /* Ranking.storyboard */ = {isa = PBXFileReference; lastKnownFileType = file.storyboard; path = Ranking.storyboard; sourceTree = "<group>"; };
		C03353F222CE237D007EEA16 /* RankingVC.swift */ = {isa = PBXFileReference; lastKnownFileType = sourcecode.swift; path = RankingVC.swift; sourceTree = "<group>"; };
		C08482BA22C2515D0087F3BC /* JJackProject.app */ = {isa = PBXFileReference; explicitFileType = wrapper.application; includeInIndex = 0; path = JJackProject.app; sourceTree = BUILT_PRODUCTS_DIR; };
		C08482BD22C2515D0087F3BC /* AppDelegate.swift */ = {isa = PBXFileReference; lastKnownFileType = sourcecode.swift; path = AppDelegate.swift; sourceTree = "<group>"; };
		C08482BF22C2515D0087F3BC /* FirstVC.swift */ = {isa = PBXFileReference; lastKnownFileType = sourcecode.swift; path = FirstVC.swift; sourceTree = "<group>"; };
		C08482C222C2515D0087F3BC /* Base */ = {isa = PBXFileReference; lastKnownFileType = file.storyboard; name = Base; path = Base.lproj/Login.storyboard; sourceTree = "<group>"; };
		C08482C422C251600087F3BC /* Assets.xcassets */ = {isa = PBXFileReference; lastKnownFileType = folder.assetcatalog; path = Assets.xcassets; sourceTree = "<group>"; };
		C08482C722C251600087F3BC /* Base */ = {isa = PBXFileReference; lastKnownFileType = file.storyboard; name = Base; path = Base.lproj/LaunchScreen.storyboard; sourceTree = "<group>"; };
		C08482C922C251600087F3BC /* Info.plist */ = {isa = PBXFileReference; lastKnownFileType = text.plist.xml; path = Info.plist; sourceTree = "<group>"; };
		C08482D522C2530B0087F3BC /* UIColor+Extensions.swift */ = {isa = PBXFileReference; lastKnownFileType = sourcecode.swift; path = "UIColor+Extensions.swift"; sourceTree = "<group>"; };
		C08482D722C253290087F3BC /* UIView+Extensions.swift */ = {isa = PBXFileReference; lastKnownFileType = sourcecode.swift; path = "UIView+Extensions.swift"; sourceTree = "<group>"; };
		C08482D922C253370087F3BC /* UIViewController+Extensions.swift */ = {isa = PBXFileReference; lastKnownFileType = sourcecode.swift; path = "UIViewController+Extensions.swift"; sourceTree = "<group>"; };
		C08482DB22C337110087F3BC /* UIImageView+ㄷExtensions.swift */ = {isa = PBXFileReference; lastKnownFileType = sourcecode.swift; path = "UIImageView+ㄷExtensions.swift"; sourceTree = "<group>"; };
		C084832422C93C930087F3BC /* LoginVC.swift */ = {isa = PBXFileReference; lastKnownFileType = sourcecode.swift; path = LoginVC.swift; sourceTree = "<group>"; };
		C084832722C953190087F3BC /* SignUpVC1.swift */ = {isa = PBXFileReference; lastKnownFileType = sourcecode.swift; path = SignUpVC1.swift; sourceTree = "<group>"; };
		C084832922C953350087F3BC /* SignUpVC2.swift */ = {isa = PBXFileReference; lastKnownFileType = sourcecode.swift; path = SignUpVC2.swift; sourceTree = "<group>"; };
		C084832B22C953540087F3BC /* SignUpVC3.swift */ = {isa = PBXFileReference; lastKnownFileType = sourcecode.swift; path = SignUpVC3.swift; sourceTree = "<group>"; };
		C08D146222CF03E700F5EB0A /* RankingCell.swift */ = {isa = PBXFileReference; lastKnownFileType = sourcecode.swift; path = RankingCell.swift; sourceTree = "<group>"; };
		C08D146422CF07AD00F5EB0A /* Ranking.swift */ = {isa = PBXFileReference; lastKnownFileType = sourcecode.swift; path = Ranking.swift; sourceTree = "<group>"; };
		C0DC370D22D32DB90010A730 /* ResponseString.swift */ = {isa = PBXFileReference; lastKnownFileType = sourcecode.swift; path = ResponseString.swift; sourceTree = "<group>"; };
		C0DC371022D339A60010A730 /* ResponseObject.swift */ = {isa = PBXFileReference; lastKnownFileType = sourcecode.swift; path = ResponseObject.swift; sourceTree = "<group>"; };
		C0DC371222D339B00010A730 /* ResponseArray.swift */ = {isa = PBXFileReference; lastKnownFileType = sourcecode.swift; path = ResponseArray.swift; sourceTree = "<group>"; };
		C0DC371622D35CEB0010A730 /* APIManager.swift */ = {isa = PBXFileReference; fileEncoding = 4; lastKnownFileType = sourcecode.swift; path = APIManager.swift; sourceTree = "<group>"; };
		C0DC372022D360FF0010A730 /* Story.swift */ = {isa = PBXFileReference; lastKnownFileType = sourcecode.swift; path = Story.swift; sourceTree = "<group>"; };
		C0DC372422D362AB0010A730 /* MainService.swift */ = {isa = PBXFileReference; lastKnownFileType = sourcecode.swift; path = MainService.swift; sourceTree = "<group>"; };
		C0DC372922D491020010A730 /* Count.swift */ = {isa = PBXFileReference; lastKnownFileType = sourcecode.swift; path = Count.swift; sourceTree = "<group>"; };
		C0DC372C22D491640010A730 /* HistoryService.swift */ = {isa = PBXFileReference; lastKnownFileType = sourcecode.swift; path = HistoryService.swift; sourceTree = "<group>"; };
		C0DC373222D4C5500010A730 /* Donate.swift */ = {isa = PBXFileReference; lastKnownFileType = sourcecode.swift; path = Donate.swift; sourceTree = "<group>"; };
		C0DC373522D4C57B0010A730 /* DonateService.swift */ = {isa = PBXFileReference; lastKnownFileType = sourcecode.swift; path = DonateService.swift; sourceTree = "<group>"; };
		C0DC373722D555330010A730 /* MainData.swift */ = {isa = PBXFileReference; lastKnownFileType = sourcecode.swift; path = MainData.swift; sourceTree = "<group>"; };
		C0DC373922D576E20010A730 /* Charge.swift */ = {isa = PBXFileReference; lastKnownFileType = sourcecode.swift; path = Charge.swift; sourceTree = "<group>"; };
		C0DC373B22D576F20010A730 /* ChargeService.swift */ = {isa = PBXFileReference; lastKnownFileType = sourcecode.swift; path = ChargeService.swift; sourceTree = "<group>"; };
		C0DC373D22D58F600010A730 /* ChargingInfo.swift */ = {isa = PBXFileReference; lastKnownFileType = sourcecode.swift; path = ChargingInfo.swift; sourceTree = "<group>"; };
		C0DC373F22D5AE870010A730 /* MyHistory.swift */ = {isa = PBXFileReference; lastKnownFileType = sourcecode.swift; path = MyHistory.swift; sourceTree = "<group>"; };
		C0DC374122D5B4AC0010A730 /* MyEachDonatedBerry.swift */ = {isa = PBXFileReference; lastKnownFileType = sourcecode.swift; path = MyEachDonatedBerry.swift; sourceTree = "<group>"; };
		C0DC374322D5C5FF0010A730 /* UserHistory.swift */ = {isa = PBXFileReference; lastKnownFileType = sourcecode.swift; path = UserHistory.swift; sourceTree = "<group>"; };
		C0DC374522D5C68C0010A730 /* Banking.swift */ = {isa = PBXFileReference; lastKnownFileType = sourcecode.swift; path = Banking.swift; sourceTree = "<group>"; };
		C0DC374722D5C6E30010A730 /* MyPageService.swift */ = {isa = PBXFileReference; lastKnownFileType = sourcecode.swift; path = MyPageService.swift; sourceTree = "<group>"; };
		C0DC374922D5D4770010A730 /* MyBerry.swift */ = {isa = PBXFileReference; lastKnownFileType = sourcecode.swift; path = MyBerry.swift; sourceTree = "<group>"; };
		C0DC374B22D5DCB60010A730 /* RankingService.swift */ = {isa = PBXFileReference; lastKnownFileType = sourcecode.swift; path = RankingService.swift; sourceTree = "<group>"; };
		C0DC374D22D5F57E0010A730 /* EntireBerry.swift */ = {isa = PBXFileReference; lastKnownFileType = sourcecode.swift; path = EntireBerry.swift; sourceTree = "<group>"; };
		C0DC374F22D622DA0010A730 /* Plan.swift */ = {isa = PBXFileReference; lastKnownFileType = sourcecode.swift; path = Plan.swift; sourceTree = "<group>"; };
		C0DC375122D623130010A730 /* Review.swift */ = {isa = PBXFileReference; lastKnownFileType = sourcecode.swift; path = Review.swift; sourceTree = "<group>"; };
		C0DC375322D623260010A730 /* Story2.swift */ = {isa = PBXFileReference; lastKnownFileType = sourcecode.swift; path = Story2.swift; sourceTree = "<group>"; };
		C0DC375722D651140010A730 /* GetRewardVC.swift */ = {isa = PBXFileReference; lastKnownFileType = sourcecode.swift; path = GetRewardVC.swift; sourceTree = "<group>"; };
		C0DC375922D66FF80010A730 /* StampService.swift */ = {isa = PBXFileReference; lastKnownFileType = sourcecode.swift; path = StampService.swift; sourceTree = "<group>"; };
		C0DC375B22D671910010A730 /* GetStamp.swift */ = {isa = PBXFileReference; lastKnownFileType = sourcecode.swift; path = GetStamp.swift; sourceTree = "<group>"; };
/* End PBXFileReference section */

/* Begin PBXFrameworksBuildPhase section */
		C08482B722C2515D0087F3BC /* Frameworks */ = {
			isa = PBXFrameworksBuildPhase;
			buildActionMask = 2147483647;
			files = (
				8F3B3AAF1F9585C0519B1F4E /* Pods_JJackProject.framework in Frameworks */,
			);
			runOnlyForDeploymentPostprocessing = 0;
		};
/* End PBXFrameworksBuildPhase section */

/* Begin PBXGroup section */
		4E498C920D0C24B2B3FE254D /* Pods */ = {
			isa = PBXGroup;
			children = (
				27D39B95E6AC9BB96A01A0E6 /* Pods-JJackProject.debug.xcconfig */,
				BFF167A4C8D4A321CCB6A7A9 /* Pods-JJackProject.release.xcconfig */,
			);
			path = Pods;
			sourceTree = "<group>";
		};
		692CE24B162BF8A146DCEA3E /* Frameworks */ = {
			isa = PBXGroup;
			children = (
				1C72F7EE5AF72F18546F2D3E /* Pods_JJackProject.framework */,
			);
			name = Frameworks;
			sourceTree = "<group>";
		};
		C01A043922C9E99200ED8CD2 /* SideMenu */ = {
			isa = PBXGroup;
			children = (
				C01A043A22C9E9AE00ED8CD2 /* SideMenuVC.swift */,
			);
			path = SideMenu;
			sourceTree = "<group>";
		};
		C01E92E122CA371800D43366 /* MyPage */ = {
			isa = PBXGroup;
			children = (
				C01E92E222CA372F00D43366 /* MyPageVC.swift */,
				C01E92E422CA401B00D43366 /* EditAccoutVC.swift */,
				C01E92E622CA788D00D43366 /* EditNicknameVC.swift */,
				C01E92E822CB433600D43366 /* UseHistoryVC.swift */,
			);
			path = MyPage;
			sourceTree = "<group>";
		};
		C01E930222CB7C2300D43366 /* Home */ = {
			isa = PBXGroup;
			children = (
				C01E930322CB7C5E00D43366 /* HomeVC.swift */,
				C01E930822CBEB6400D43366 /* MainVC.swift */,
				C027A94422CD074700F198ED /* DetailVC.swift */,
				C027A94622CD249C00F198ED /* DonateVC.swift */,
				C027A94822CD356100F198ED /* CompleteDonateAlertVC.swift */,
				C0DC375722D651140010A730 /* GetRewardVC.swift */,
			);
			name = Home;
			sourceTree = "<group>";
		};
		C021C2F722D06E4200ADF1FE /* Charge */ = {
			isa = PBXGroup;
			children = (
				C08482DF22C337640087F3BC /* Views */,
				C021C2F822D06E5900ADF1FE /* ChargeVC.swift */,
				C021C2FA22D0D3D100ADF1FE /* CompleteChargeVC.swift */,
				C021C2FE22D20C7D00ADF1FE /* ChargeMainVC.swift */,
			);
			name = Charge;
			sourceTree = "<group>";
		};
		C021C30122D2258000ADF1FE /* common */ = {
			isa = PBXGroup;
			children = (
				C0DC371622D35CEB0010A730 /* APIManager.swift */,
				C021C30222D225A500ADF1FE /* NetworkResult.swift */,
			);
			path = common;
			sourceTree = "<group>";
		};
		C027A94C22CD40C600F198ED /* Record */ = {
			isa = PBXGroup;
			children = (
				C027A94D22CD40F200F198ED /* RecordedDonationVC.swift */,
				C027A94F22CD4C9600F198ED /* EarnBerryVC.swift */,
				C03353ED22CDC6C7007EEA16 /* DetailRecordVC.swift */,
			);
			name = Record;
			sourceTree = "<group>";
		};
		C03353F122CE2368007EEA16 /* Ranking */ = {
			isa = PBXGroup;
			children = (
				C03353F222CE237D007EEA16 /* RankingVC.swift */,
				C021C2FC22D0ED1E00ADF1FE /* DetailRankingVC.swift */,
			);
			name = Ranking;
			sourceTree = "<group>";
		};
		C08482B122C2515D0087F3BC = {
			isa = PBXGroup;
			children = (
				C08482BC22C2515D0087F3BC /* JJackProject */,
				C08482BB22C2515D0087F3BC /* Products */,
				4E498C920D0C24B2B3FE254D /* Pods */,
				692CE24B162BF8A146DCEA3E /* Frameworks */,
			);
			sourceTree = "<group>";
		};
		C08482BB22C2515D0087F3BC /* Products */ = {
			isa = PBXGroup;
			children = (
				C08482BA22C2515D0087F3BC /* JJackProject.app */,
			);
			name = Products;
			sourceTree = "<group>";
		};
		C08482BC22C2515D0087F3BC /* JJackProject */ = {
			isa = PBXGroup;
			children = (
				C08482CF22C251CC0087F3BC /* Resources */,
				C08482D022C2520D0087F3BC /* Sources */,
			);
			path = JJackProject;
			sourceTree = "<group>";
		};
		C08482CF22C251CC0087F3BC /* Resources */ = {
			isa = PBXGroup;
			children = (
				C08482C422C251600087F3BC /* Assets.xcassets */,
				C08482C922C251600087F3BC /* Info.plist */,
				C08482D122C2525D0087F3BC /* Storyboards */,
			);
			path = Resources;
			sourceTree = "<group>";
		};
		C08482D022C2520D0087F3BC /* Sources */ = {
			isa = PBXGroup;
			children = (
				C08482BD22C2515D0087F3BC /* AppDelegate.swift */,
				C08482D422C252DA0087F3BC /* Extensions */,
				C08482D322C252C70087F3BC /* APIServices */,
				C08482DD22C3371E0087F3BC /* Model */,
				C08482DE22C337490087F3BC /* Protocol */,
				C08482D222C252AD0087F3BC /* ViewControllers */,
			);
			path = Sources;
			sourceTree = "<group>";
		};
		C08482D122C2525D0087F3BC /* Storyboards */ = {
			isa = PBXGroup;
			children = (
				C08482C122C2515D0087F3BC /* Login.storyboard */,
				C08482C622C251600087F3BC /* LaunchScreen.storyboard */,
				C01A043722C9E7DF00ED8CD2 /* SideMenu.storyboard */,
				C01E92F222CB732800D43366 /* HomeMain.storyboard */,
				C01A043C22CA272A00ED8CD2 /* MyPage.storyboard */,
				C027A94A22CD399600F198ED /* Record.storyboard */,
				C03353EF22CE230C007EEA16 /* Ranking.storyboard */,
				C021C2F522D06E3200ADF1FE /* Charge.storyboard */,
			);
			path = Storyboards;
			sourceTree = "<group>";
		};
		C08482D222C252AD0087F3BC /* ViewControllers */ = {
			isa = PBXGroup;
			children = (
				C021C2F722D06E4200ADF1FE /* Charge */,
				C03353F122CE2368007EEA16 /* Ranking */,
				C027A94C22CD40C600F198ED /* Record */,
				C01E92E122CA371800D43366 /* MyPage */,
				C01A043922C9E99200ED8CD2 /* SideMenu */,
				C084832622C93C9B0087F3BC /* Auth */,
				C01E930222CB7C2300D43366 /* Home */,
			);
			path = ViewControllers;
			sourceTree = "<group>";
		};
		C08482D322C252C70087F3BC /* APIServices */ = {
			isa = PBXGroup;
			children = (
				C021C30122D2258000ADF1FE /* common */,
				C021C30522D225F300ADF1FE /* AuthService.swift */,
				C0DC372422D362AB0010A730 /* MainService.swift */,
				C0DC372C22D491640010A730 /* HistoryService.swift */,
				C0DC373522D4C57B0010A730 /* DonateService.swift */,
				C0DC373B22D576F20010A730 /* ChargeService.swift */,
				C0DC374722D5C6E30010A730 /* MyPageService.swift */,
				C0DC374B22D5DCB60010A730 /* RankingService.swift */,
				C0DC375922D66FF80010A730 /* StampService.swift */,
			);
			path = APIServices;
			sourceTree = "<group>";
		};
		C08482D422C252DA0087F3BC /* Extensions */ = {
			isa = PBXGroup;
			children = (
				C08482D522C2530B0087F3BC /* UIColor+Extensions.swift */,
				C08482D722C253290087F3BC /* UIView+Extensions.swift */,
				C08482D922C253370087F3BC /* UIViewController+Extensions.swift */,
				C08482DB22C337110087F3BC /* UIImageView+ㄷExtensions.swift */,
				C021C30922D255A400ADF1FE /* String+Extension.swift */,
			);
			path = Extensions;
			sourceTree = "<group>";
		};
		C08482DD22C3371E0087F3BC /* Model */ = {
			isa = PBXGroup;
			children = (
				C0DC371E22D360BD0010A730 /* common */,
				C021C30722D229AC00ADF1FE /* Token.swift */,
				C0DC374922D5D4770010A730 /* MyBerry.swift */,
				C0DC372022D360FF0010A730 /* Story.swift */,
				C0DC374F22D622DA0010A730 /* Plan.swift */,
				C0DC375122D623130010A730 /* Review.swift */,
				C0DC375322D623260010A730 /* Story2.swift */,
				C0DC373722D555330010A730 /* MainData.swift */,
				C0DC374D22D5F57E0010A730 /* EntireBerry.swift */,
				C0DC373222D4C5500010A730 /* Donate.swift */,
				C0DC372922D491020010A730 /* Count.swift */,
				C0DC373922D576E20010A730 /* Charge.swift */,
				C0DC373D22D58F600010A730 /* ChargingInfo.swift */,
				C0DC373F22D5AE870010A730 /* MyHistory.swift */,
				C0DC374122D5B4AC0010A730 /* MyEachDonatedBerry.swift */,
				C0DC374522D5C68C0010A730 /* Banking.swift */,
				C0DC374322D5C5FF0010A730 /* UserHistory.swift */,
				C0DC375B22D671910010A730 /* GetStamp.swift */,
				C0DC372822D490E90010A730 /* dummy */,
			);
			path = Model;
			sourceTree = "<group>";
		};
		C08482DE22C337490087F3BC /* Protocol */ = {
			isa = PBXGroup;
			children = (
			);
			path = Protocol;
			sourceTree = "<group>";
		};
		C08482DF22C337640087F3BC /* Views */ = {
			isa = PBXGroup;
			children = (
				C01E92EE22CB5F6B00D43366 /* HistoryCell.swift */,
				C01E930622CBC02B00D43366 /* HomeCell.swift */,
				C01BC94122CCA7C6000AAF58 /* MainCell.swift */,
				C03353EB22CDC565007EEA16 /* RecordCell.swift */,
				C08D146222CF03E700F5EB0A /* RankingCell.swift */,
			);
			name = Views;
			path = ../Views;
			sourceTree = "<group>";
		};
		C084832622C93C9B0087F3BC /* Auth */ = {
			isa = PBXGroup;
			children = (
				C08482BF22C2515D0087F3BC /* FirstVC.swift */,
				C084832422C93C930087F3BC /* LoginVC.swift */,
				C084832722C953190087F3BC /* SignUpVC1.swift */,
				C084832922C953350087F3BC /* SignUpVC2.swift */,
				C084832B22C953540087F3BC /* SignUpVC3.swift */,
			);
			path = Auth;
			sourceTree = "<group>";
		};
		C0DC371E22D360BD0010A730 /* common */ = {
			isa = PBXGroup;
			children = (
				C0DC370D22D32DB90010A730 /* ResponseString.swift */,
				C0DC371022D339A60010A730 /* ResponseObject.swift */,
				C0DC371222D339B00010A730 /* ResponseArray.swift */,
			);
			name = common;
			sourceTree = "<group>";
		};
		C0DC372822D490E90010A730 /* dummy */ = {
			isa = PBXGroup;
			children = (
				C01E92F022CB62DE00D43366 /* History.swift */,
				C01BC94322CCB393000AAF58 /* MainInfo.swift */,
				C08D146422CF07AD00F5EB0A /* Ranking.swift */,
			);
			path = dummy;
			sourceTree = "<group>";
		};
/* End PBXGroup section */

/* Begin PBXNativeTarget section */
		C08482B922C2515D0087F3BC /* JJackProject */ = {
			isa = PBXNativeTarget;
			buildConfigurationList = C08482CC22C251600087F3BC /* Build configuration list for PBXNativeTarget "JJackProject" */;
			buildPhases = (
				F78C62118869621400AE8340 /* [CP] Check Pods Manifest.lock */,
				C08482B622C2515D0087F3BC /* Sources */,
				C08482B722C2515D0087F3BC /* Frameworks */,
				C08482B822C2515D0087F3BC /* Resources */,
				7347DCF6BE303026E7BC2307 /* [CP] Embed Pods Frameworks */,
			);
			buildRules = (
			);
			dependencies = (
			);
			name = JJackProject;
			productName = JJackProject;
			productReference = C08482BA22C2515D0087F3BC /* JJackProject.app */;
			productType = "com.apple.product-type.application";
		};
/* End PBXNativeTarget section */

/* Begin PBXProject section */
		C08482B222C2515D0087F3BC /* Project object */ = {
			isa = PBXProject;
			attributes = {
				LastSwiftUpdateCheck = 1020;
				LastUpgradeCheck = 1020;
				ORGANIZATIONNAME = "SangIl Mo";
				TargetAttributes = {
					C08482B922C2515D0087F3BC = {
						CreatedOnToolsVersion = 10.2.1;
					};
				};
			};
			buildConfigurationList = C08482B522C2515D0087F3BC /* Build configuration list for PBXProject "JJackProject" */;
			compatibilityVersion = "Xcode 9.3";
			developmentRegion = en;
			hasScannedForEncodings = 0;
			knownRegions = (
				en,
				Base,
			);
			mainGroup = C08482B122C2515D0087F3BC;
			productRefGroup = C08482BB22C2515D0087F3BC /* Products */;
			projectDirPath = "";
			projectRoot = "";
			targets = (
				C08482B922C2515D0087F3BC /* JJackProject */,
			);
		};
/* End PBXProject section */

/* Begin PBXResourcesBuildPhase section */
		C08482B822C2515D0087F3BC /* Resources */ = {
			isa = PBXResourcesBuildPhase;
			buildActionMask = 2147483647;
			files = (
				C01E92F322CB732800D43366 /* HomeMain.storyboard in Resources */,
				C01A043822C9E7DF00ED8CD2 /* SideMenu.storyboard in Resources */,
				C01A043D22CA272A00ED8CD2 /* MyPage.storyboard in Resources */,
				C03353F022CE230C007EEA16 /* Ranking.storyboard in Resources */,
				C08482C822C251600087F3BC /* LaunchScreen.storyboard in Resources */,
				C027A94B22CD399600F198ED /* Record.storyboard in Resources */,
				C08482C522C251600087F3BC /* Assets.xcassets in Resources */,
				C021C2F622D06E3200ADF1FE /* Charge.storyboard in Resources */,
				C08482C322C2515D0087F3BC /* Login.storyboard in Resources */,
			);
			runOnlyForDeploymentPostprocessing = 0;
		};
/* End PBXResourcesBuildPhase section */

/* Begin PBXShellScriptBuildPhase section */
		7347DCF6BE303026E7BC2307 /* [CP] Embed Pods Frameworks */ = {
			isa = PBXShellScriptBuildPhase;
			buildActionMask = 2147483647;
			files = (
			);
			inputFileListPaths = (
				"${PODS_ROOT}/Target Support Files/Pods-JJackProject/Pods-JJackProject-frameworks-${CONFIGURATION}-input-files.xcfilelist",
			);
			name = "[CP] Embed Pods Frameworks";
			outputFileListPaths = (
				"${PODS_ROOT}/Target Support Files/Pods-JJackProject/Pods-JJackProject-frameworks-${CONFIGURATION}-output-files.xcfilelist",
			);
			runOnlyForDeploymentPostprocessing = 0;
			shellPath = /bin/sh;
			shellScript = "\"${PODS_ROOT}/Target Support Files/Pods-JJackProject/Pods-JJackProject-frameworks.sh\"\n";
			showEnvVarsInLog = 0;
		};
		F78C62118869621400AE8340 /* [CP] Check Pods Manifest.lock */ = {
			isa = PBXShellScriptBuildPhase;
			buildActionMask = 2147483647;
			files = (
			);
			inputFileListPaths = (
			);
			inputPaths = (
				"${PODS_PODFILE_DIR_PATH}/Podfile.lock",
				"${PODS_ROOT}/Manifest.lock",
			);
			name = "[CP] Check Pods Manifest.lock";
			outputFileListPaths = (
			);
			outputPaths = (
				"$(DERIVED_FILE_DIR)/Pods-JJackProject-checkManifestLockResult.txt",
			);
			runOnlyForDeploymentPostprocessing = 0;
			shellPath = /bin/sh;
			shellScript = "diff \"${PODS_PODFILE_DIR_PATH}/Podfile.lock\" \"${PODS_ROOT}/Manifest.lock\" > /dev/null\nif [ $? != 0 ] ; then\n    # print error to STDERR\n    echo \"error: The sandbox is not in sync with the Podfile.lock. Run 'pod install' or update your CocoaPods installation.\" >&2\n    exit 1\nfi\n# This output is used by Xcode 'outputs' to avoid re-running this script phase.\necho \"SUCCESS\" > \"${SCRIPT_OUTPUT_FILE_0}\"\n";
			showEnvVarsInLog = 0;
		};
/* End PBXShellScriptBuildPhase section */

/* Begin PBXSourcesBuildPhase section */
		C08482B622C2515D0087F3BC /* Sources */ = {
			isa = PBXSourcesBuildPhase;
			buildActionMask = 2147483647;
			files = (
				C01E92F122CB62DE00D43366 /* History.swift in Sources */,
				C084832522C93C930087F3BC /* LoginVC.swift in Sources */,
				C08482C022C2515D0087F3BC /* FirstVC.swift in Sources */,
				C0DC371122D339A60010A730 /* ResponseObject.swift in Sources */,
				C0DC373C22D576F20010A730 /* ChargeService.swift in Sources */,
				C0DC371722D35CEB0010A730 /* APIManager.swift in Sources */,
				C0DC374022D5AE870010A730 /* MyHistory.swift in Sources */,
				C01E92E322CA372F00D43366 /* MyPageVC.swift in Sources */,
				C08D146522CF07AD00F5EB0A /* Ranking.swift in Sources */,
				C01BC94422CCB393000AAF58 /* MainInfo.swift in Sources */,
				C021C30622D225F300ADF1FE /* AuthService.swift in Sources */,
				C027A94922CD356100F198ED /* CompleteDonateAlertVC.swift in Sources */,
				C021C2FB22D0D3D100ADF1FE /* CompleteChargeVC.swift in Sources */,
				C0DC370E22D32DB90010A730 /* ResponseString.swift in Sources */,
				C027A94722CD249C00F198ED /* DonateVC.swift in Sources */,
				C0DC373E22D58F600010A730 /* ChargingInfo.swift in Sources */,
				C0DC374622D5C68C0010A730 /* Banking.swift in Sources */,
				C0DC371322D339B00010A730 /* ResponseArray.swift in Sources */,
				C027A94522CD074700F198ED /* DetailVC.swift in Sources */,
				C01A043B22C9E9AE00ED8CD2 /* SideMenuVC.swift in Sources */,
				C08482D622C2530B0087F3BC /* UIColor+Extensions.swift in Sources */,
				C0DC374C22D5DCB60010A730 /* RankingService.swift in Sources */,
				C0DC372522D362AB0010A730 /* MainService.swift in Sources */,
				C0DC375022D622DA0010A730 /* Plan.swift in Sources */,
				C01E92E922CB433600D43366 /* UseHistoryVC.swift in Sources */,
				C01E92EF22CB5F6B00D43366 /* HistoryCell.swift in Sources */,
				C084832C22C953540087F3BC /* SignUpVC3.swift in Sources */,
				C084832A22C953350087F3BC /* SignUpVC2.swift in Sources */,
				C03353EC22CDC565007EEA16 /* RecordCell.swift in Sources */,
				C01E92E522CA401B00D43366 /* EditAccoutVC.swift in Sources */,
				C084832822C953190087F3BC /* SignUpVC1.swift in Sources */,
				C08482DA22C253370087F3BC /* UIViewController+Extensions.swift in Sources */,
				C0DC373622D4C57B0010A730 /* DonateService.swift in Sources */,
				C0DC375A22D66FF80010A730 /* StampService.swift in Sources */,
				C0DC375222D623130010A730 /* Review.swift in Sources */,
				C01E930922CBEB6400D43366 /* MainVC.swift in Sources */,
				C01E92E722CA788D00D43366 /* EditNicknameVC.swift in Sources */,
				C027A94E22CD40F200F198ED /* RecordedDonationVC.swift in Sources */,
				C01E930722CBC02B00D43366 /* HomeCell.swift in Sources */,
				C0DC373322D4C5500010A730 /* Donate.swift in Sources */,
				C08D146322CF03E700F5EB0A /* RankingCell.swift in Sources */,
				C0DC373A22D576E20010A730 /* Charge.swift in Sources */,
				C01BC94222CCA7C6000AAF58 /* MainCell.swift in Sources */,
				C021C2FD22D0ED1E00ADF1FE /* DetailRankingVC.swift in Sources */,
				C03353F322CE237D007EEA16 /* RankingVC.swift in Sources */,
				C08482D822C253290087F3BC /* UIView+Extensions.swift in Sources */,
				C0DC375422D623260010A730 /* Story2.swift in Sources */,
				C03353EE22CDC6C7007EEA16 /* DetailRecordVC.swift in Sources */,
				C0DC372D22D491640010A730 /* HistoryService.swift in Sources */,
				C021C30822D229AC00ADF1FE /* Token.swift in Sources */,
				C027A95022CD4C9600F198ED /* EarnBerryVC.swift in Sources */,
				C0DC374A22D5D4770010A730 /* MyBerry.swift in Sources */,
				C0DC374222D5B4AC0010A730 /* MyEachDonatedBerry.swift in Sources */,
				C0DC375822D651140010A730 /* GetRewardVC.swift in Sources */,
				C0DC375C22D671910010A730 /* GetStamp.swift in Sources */,
				C08482DC22C337110087F3BC /* UIImageView+ㄷExtensions.swift in Sources */,
				C021C2F922D06E5900ADF1FE /* ChargeVC.swift in Sources */,
				C08482BE22C2515D0087F3BC /* AppDelegate.swift in Sources */,
				C01E930422CB7C5E00D43366 /* HomeVC.swift in Sources */,
				C021C2FF22D20C7D00ADF1FE /* ChargeMainVC.swift in Sources */,
				C0DC373822D555330010A730 /* MainData.swift in Sources */,
				C0DC374E22D5F57E0010A730 /* EntireBerry.swift in Sources */,
				C021C30322D225A500ADF1FE /* NetworkResult.swift in Sources */,
				C0DC374422D5C5FF0010A730 /* UserHistory.swift in Sources */,
				C021C30A22D255A400ADF1FE /* String+Extension.swift in Sources */,
				C0DC372122D360FF0010A730 /* Story.swift in Sources */,
				C0DC374822D5C6E30010A730 /* MyPageService.swift in Sources */,
				C0DC372A22D491020010A730 /* Count.swift in Sources */,
			);
			runOnlyForDeploymentPostprocessing = 0;
		};
/* End PBXSourcesBuildPhase section */

/* Begin PBXVariantGroup section */
		C08482C122C2515D0087F3BC /* Login.storyboard */ = {
			isa = PBXVariantGroup;
			children = (
				C08482C222C2515D0087F3BC /* Base */,
			);
			name = Login.storyboard;
			sourceTree = "<group>";
		};
		C08482C622C251600087F3BC /* LaunchScreen.storyboard */ = {
			isa = PBXVariantGroup;
			children = (
				C08482C722C251600087F3BC /* Base */,
			);
			name = LaunchScreen.storyboard;
			sourceTree = "<group>";
		};
/* End PBXVariantGroup section */

/* Begin XCBuildConfiguration section */
		C08482CA22C251600087F3BC /* Debug */ = {
			isa = XCBuildConfiguration;
			buildSettings = {
				ALWAYS_SEARCH_USER_PATHS = NO;
				CLANG_ANALYZER_NONNULL = YES;
				CLANG_ANALYZER_NUMBER_OBJECT_CONVERSION = YES_AGGRESSIVE;
				CLANG_CXX_LANGUAGE_STANDARD = "gnu++14";
				CLANG_CXX_LIBRARY = "libc++";
				CLANG_ENABLE_MODULES = YES;
				CLANG_ENABLE_OBJC_ARC = YES;
				CLANG_ENABLE_OBJC_WEAK = YES;
				CLANG_WARN_BLOCK_CAPTURE_AUTORELEASING = YES;
				CLANG_WARN_BOOL_CONVERSION = YES;
				CLANG_WARN_COMMA = YES;
				CLANG_WARN_CONSTANT_CONVERSION = YES;
				CLANG_WARN_DEPRECATED_OBJC_IMPLEMENTATIONS = YES;
				CLANG_WARN_DIRECT_OBJC_ISA_USAGE = YES_ERROR;
				CLANG_WARN_DOCUMENTATION_COMMENTS = YES;
				CLANG_WARN_EMPTY_BODY = YES;
				CLANG_WARN_ENUM_CONVERSION = YES;
				CLANG_WARN_INFINITE_RECURSION = YES;
				CLANG_WARN_INT_CONVERSION = YES;
				CLANG_WARN_NON_LITERAL_NULL_CONVERSION = YES;
				CLANG_WARN_OBJC_IMPLICIT_RETAIN_SELF = YES;
				CLANG_WARN_OBJC_LITERAL_CONVERSION = YES;
				CLANG_WARN_OBJC_ROOT_CLASS = YES_ERROR;
				CLANG_WARN_RANGE_LOOP_ANALYSIS = YES;
				CLANG_WARN_STRICT_PROTOTYPES = YES;
				CLANG_WARN_SUSPICIOUS_MOVE = YES;
				CLANG_WARN_UNGUARDED_AVAILABILITY = YES_AGGRESSIVE;
				CLANG_WARN_UNREACHABLE_CODE = YES;
				CLANG_WARN__DUPLICATE_METHOD_MATCH = YES;
				CODE_SIGN_IDENTITY = "iPhone Developer";
				COPY_PHASE_STRIP = NO;
				DEBUG_INFORMATION_FORMAT = dwarf;
				ENABLE_STRICT_OBJC_MSGSEND = YES;
				ENABLE_TESTABILITY = YES;
				GCC_C_LANGUAGE_STANDARD = gnu11;
				GCC_DYNAMIC_NO_PIC = NO;
				GCC_NO_COMMON_BLOCKS = YES;
				GCC_OPTIMIZATION_LEVEL = 0;
				GCC_PREPROCESSOR_DEFINITIONS = (
					"DEBUG=1",
					"$(inherited)",
				);
				GCC_WARN_64_TO_32_BIT_CONVERSION = YES;
				GCC_WARN_ABOUT_RETURN_TYPE = YES_ERROR;
				GCC_WARN_UNDECLARED_SELECTOR = YES;
				GCC_WARN_UNINITIALIZED_AUTOS = YES_AGGRESSIVE;
				GCC_WARN_UNUSED_FUNCTION = YES;
				GCC_WARN_UNUSED_VARIABLE = YES;
				IPHONEOS_DEPLOYMENT_TARGET = 12.2;
				MTL_ENABLE_DEBUG_INFO = INCLUDE_SOURCE;
				MTL_FAST_MATH = YES;
				ONLY_ACTIVE_ARCH = YES;
				SDKROOT = iphoneos;
				SWIFT_ACTIVE_COMPILATION_CONDITIONS = DEBUG;
				SWIFT_OPTIMIZATION_LEVEL = "-Onone";
			};
			name = Debug;
		};
		C08482CB22C251600087F3BC /* Release */ = {
			isa = XCBuildConfiguration;
			buildSettings = {
				ALWAYS_SEARCH_USER_PATHS = NO;
				CLANG_ANALYZER_NONNULL = YES;
				CLANG_ANALYZER_NUMBER_OBJECT_CONVERSION = YES_AGGRESSIVE;
				CLANG_CXX_LANGUAGE_STANDARD = "gnu++14";
				CLANG_CXX_LIBRARY = "libc++";
				CLANG_ENABLE_MODULES = YES;
				CLANG_ENABLE_OBJC_ARC = YES;
				CLANG_ENABLE_OBJC_WEAK = YES;
				CLANG_WARN_BLOCK_CAPTURE_AUTORELEASING = YES;
				CLANG_WARN_BOOL_CONVERSION = YES;
				CLANG_WARN_COMMA = YES;
				CLANG_WARN_CONSTANT_CONVERSION = YES;
				CLANG_WARN_DEPRECATED_OBJC_IMPLEMENTATIONS = YES;
				CLANG_WARN_DIRECT_OBJC_ISA_USAGE = YES_ERROR;
				CLANG_WARN_DOCUMENTATION_COMMENTS = YES;
				CLANG_WARN_EMPTY_BODY = YES;
				CLANG_WARN_ENUM_CONVERSION = YES;
				CLANG_WARN_INFINITE_RECURSION = YES;
				CLANG_WARN_INT_CONVERSION = YES;
				CLANG_WARN_NON_LITERAL_NULL_CONVERSION = YES;
				CLANG_WARN_OBJC_IMPLICIT_RETAIN_SELF = YES;
				CLANG_WARN_OBJC_LITERAL_CONVERSION = YES;
				CLANG_WARN_OBJC_ROOT_CLASS = YES_ERROR;
				CLANG_WARN_RANGE_LOOP_ANALYSIS = YES;
				CLANG_WARN_STRICT_PROTOTYPES = YES;
				CLANG_WARN_SUSPICIOUS_MOVE = YES;
				CLANG_WARN_UNGUARDED_AVAILABILITY = YES_AGGRESSIVE;
				CLANG_WARN_UNREACHABLE_CODE = YES;
				CLANG_WARN__DUPLICATE_METHOD_MATCH = YES;
				CODE_SIGN_IDENTITY = "iPhone Developer";
				COPY_PHASE_STRIP = NO;
				DEBUG_INFORMATION_FORMAT = "dwarf-with-dsym";
				ENABLE_NS_ASSERTIONS = NO;
				ENABLE_STRICT_OBJC_MSGSEND = YES;
				GCC_C_LANGUAGE_STANDARD = gnu11;
				GCC_NO_COMMON_BLOCKS = YES;
				GCC_WARN_64_TO_32_BIT_CONVERSION = YES;
				GCC_WARN_ABOUT_RETURN_TYPE = YES_ERROR;
				GCC_WARN_UNDECLARED_SELECTOR = YES;
				GCC_WARN_UNINITIALIZED_AUTOS = YES_AGGRESSIVE;
				GCC_WARN_UNUSED_FUNCTION = YES;
				GCC_WARN_UNUSED_VARIABLE = YES;
				IPHONEOS_DEPLOYMENT_TARGET = 12.2;
				MTL_ENABLE_DEBUG_INFO = NO;
				MTL_FAST_MATH = YES;
				SDKROOT = iphoneos;
				SWIFT_COMPILATION_MODE = wholemodule;
				SWIFT_OPTIMIZATION_LEVEL = "-O";
				VALIDATE_PRODUCT = YES;
			};
			name = Release;
		};
		C08482CD22C251600087F3BC /* Debug */ = {
			isa = XCBuildConfiguration;
			baseConfigurationReference = 27D39B95E6AC9BB96A01A0E6 /* Pods-JJackProject.debug.xcconfig */;
			buildSettings = {
				ASSETCATALOG_COMPILER_APPICON_NAME = AppIcon;
				CODE_SIGN_STYLE = Automatic;
				DEVELOPMENT_TEAM = 325VLH85CK;
				INFOPLIST_FILE = "$(SRCROOT)/JJackProject/Resources/Info.plist";
				LD_RUNPATH_SEARCH_PATHS = (
					"$(inherited)",
					"@executable_path/Frameworks",
				);
				PRODUCT_BUNDLE_IDENTIFIER = SangIlMo.kwu.edwith.JJackProject;
				PRODUCT_NAME = "$(TARGET_NAME)";
				SWIFT_VERSION = 5.0;
				TARGETED_DEVICE_FAMILY = "1,2";
			};
			name = Debug;
		};
		C08482CE22C251600087F3BC /* Release */ = {
			isa = XCBuildConfiguration;
			baseConfigurationReference = BFF167A4C8D4A321CCB6A7A9 /* Pods-JJackProject.release.xcconfig */;
			buildSettings = {
				ASSETCATALOG_COMPILER_APPICON_NAME = AppIcon;
				CODE_SIGN_STYLE = Automatic;
				DEVELOPMENT_TEAM = 325VLH85CK;
				INFOPLIST_FILE = "$(SRCROOT)/JJackProject/Resources/Info.plist";
				LD_RUNPATH_SEARCH_PATHS = (
					"$(inherited)",
					"@executable_path/Frameworks",
				);
				PRODUCT_BUNDLE_IDENTIFIER = SangIlMo.kwu.edwith.JJackProject;
				PRODUCT_NAME = "$(TARGET_NAME)";
				SWIFT_VERSION = 5.0;
				TARGETED_DEVICE_FAMILY = "1,2";
			};
			name = Release;
		};
/* End XCBuildConfiguration section */

/* Begin XCConfigurationList section */
		C08482B522C2515D0087F3BC /* Build configuration list for PBXProject "JJackProject" */ = {
			isa = XCConfigurationList;
			buildConfigurations = (
				C08482CA22C251600087F3BC /* Debug */,
				C08482CB22C251600087F3BC /* Release */,
			);
			defaultConfigurationIsVisible = 0;
			defaultConfigurationName = Release;
		};
		C08482CC22C251600087F3BC /* Build configuration list for PBXNativeTarget "JJackProject" */ = {
			isa = XCConfigurationList;
			buildConfigurations = (
				C08482CD22C251600087F3BC /* Debug */,
				C08482CE22C251600087F3BC /* Release */,
			);
			defaultConfigurationIsVisible = 0;
			defaultConfigurationName = Release;
		};
/* End XCConfigurationList section */
	};
	rootObject = C08482B222C2515D0087F3BC /* Project object */;
}
